
Microsoft Visual Studio Solution File, Format Version 12.00
Project("{FAE04EC0-301F-11D3-BF4B-00C04F79EFBC}") = "RubikCube", "Src\RubikCube\RubikCube.csproj", "{6658B24F-F94F-4AF2-872E-1C33D3C5A102}"
EndProject
Project("{FAE04EC0-301F-11D3-BF4B-00C04F79EFBC}") = "RubikCube.Tests", "Src\RubikCube.Tests\RubikCube.Tests.csproj", "{23CB7FF4-32D8-40A5-B2C1-852306F4B08F}"
EndProject
Global
	GlobalSection(SolutionConfigurationPlatforms) = preSolution
		Debug|Any CPU = Debug|Any CPU
		Release|Any CPU = Release|Any CPU
	EndGlobalSection
	GlobalSection(ProjectConfigurationPlatforms) = postSolution
		{6658B24F-F94F-4AF2-872E-1C33D3C5A102}.Debug|Any CPU.ActiveCfg = Debug|Any CPU
		{6658B24F-F94F-4AF2-872E-1C33D3C5A102}.Debug|Any CPU.Build.0 = Debug|Any CPU
		{6658B24F-F94F-4AF2-872E-1C33D3C5A102}.Release|Any CPU.ActiveCfg = Release|Any CPU
		{6658B24F-F94F-4AF2-872E-1C33D3C5A102}.Release|Any CPU.Build.0 = Release|Any CPU
		{23CB7FF4-32D8-40A5-B2C1-852306F4B08F}.Debug|Any CPU.ActiveCfg = Debug|Any CPU
		{23CB7FF4-32D8-40A5-B2C1-852306F4B08F}.Debug|Any CPU.Build.0 = Debug|Any CPU
		{23CB7FF4-32D8-40A5-B2C1-852306F4B08F}.Release|Any CPU.ActiveCfg = Release|Any CPU
		{23CB7FF4-32D8-40A5-B2C1-852306F4B08F}.Release|Any CPU.Build.0 = Release|Any CPU
	EndGlobalSection
EndGlobal
